
Microsoft Visual Studio Solution File, Format Version 12.00
# Visual Studio Version 17
VisualStudioVersion = 17.11.35312.102
MinimumVisualStudioVersion = 10.0.40219.1
Project("{2150E333-8FDC-42A3-9474-1A3956D46DE8}") = "Task0", "Task0", "{37D16586-DF87-49D0-AC4B-C7A5ED341BAB}"
EndProject
Project("{FAE04EC0-301F-11D3-BF4B-00C04F79EFBC}") = "Tyuiu.KhrapovDY.Sprint2.Task0.V17", "Tyuiu.KhrapovDY.Sprint2.Task0.V17\Tyuiu.KhrapovDY.Sprint2.Task0.V17.csproj", "{FE0F8553-3449-46BC-A871-70E11422A1B1}"
EndProject
Project("{FAE04EC0-301F-11D3-BF4B-00C04F79EFBC}") = "Tyuiu.KhrapovDY.Sprint2.Task0.V17.Lib", "Tyuiu.KhrapovDY.Sprint2.Task0.V17.Lib\Tyuiu.KhrapovDY.Sprint2.Task0.V17.Lib.csproj", "{909D6FD4-F462-4832-A019-97046169FD4E}"
EndProject
Project("{FAE04EC0-301F-11D3-BF4B-00C04F79EFBC}") = "Tyuiu.KhrapovDY.Sprint2.Task0.V17.Test", "Tyuiu.KhrapovDY.Sprint2.Task0.V17.Test\Tyuiu.KhrapovDY.Sprint2.Task0.V17.Test.csproj", "{C43F2BB4-A66F-4A91-8FCE-C976FED83203}"
EndProject
Project("{2150E333-8FDC-42A3-9474-1A3956D46DE8}") = "Task1", "Task1", "{1217B4BA-B3E4-4265-AC08-DDD559D79DA8}"
EndProject
Project("{FAE04EC0-301F-11D3-BF4B-00C04F79EFBC}") = "Tyuiu.KhrapovDY.Sprint2.Task1.V2", "Tyuiu.KhrapovDY.Sprint2.Task1.V2\Tyuiu.KhrapovDY.Sprint2.Task1.V2.csproj", "{FCD89F05-BA01-496F-8CC8-37BCF49313C9}"
EndProject
Project("{FAE04EC0-301F-11D3-BF4B-00C04F79EFBC}") = "Tyuiu.KhrapovDY.Sprint2.Task1.V2.Lib", "Tyuiu.KhrapovDY.Sprint2.Task1.V2.Lib\Tyuiu.KhrapovDY.Sprint2.Task1.V2.Lib.csproj", "{7E59CD36-0A89-4C78-9403-EA88712CE0F7}"
EndProject
Project("{FAE04EC0-301F-11D3-BF4B-00C04F79EFBC}") = "Tyuiu.KhrapovDY.Sprint2.Task1.V2.Test", "Tyuiu.KhrapovDY.Sprint2.Task1.V2.Test\Tyuiu.KhrapovDY.Sprint2.Task1.V2.Test.csproj", "{A2D540B4-AB55-4FFD-9B20-540FAB46276C}"
EndProject
Project("{2150E333-8FDC-42A3-9474-1A3956D46DE8}") = "Task2", "Task2", "{46F21CF9-5D09-44B3-AEBB-7F364BE42473}"
EndProject
Project("{FAE04EC0-301F-11D3-BF4B-00C04F79EFBC}") = "Tyuiu.KhrapovDY.Sprint2.Task2.V29", "Tyuiu.KhrapovDY.Sprint2.Task2.V29\Tyuiu.KhrapovDY.Sprint2.Task2.V29.csproj", "{B420FEFB-E9F8-414B-8387-F569C056C5F7}"
EndProject
Project("{FAE04EC0-301F-11D3-BF4B-00C04F79EFBC}") = "Tyuiu.KhrapovDY.Sprint2.Task2.V29.Lib", "Tyuiu.KhrapovDY.Sprint2.Task2.V29.Lib\Tyuiu.KhrapovDY.Sprint2.Task2.V29.Lib.csproj", "{C6D227E8-2E52-4C1A-A6CE-CD8D0453C436}"
EndProject
Project("{FAE04EC0-301F-11D3-BF4B-00C04F79EFBC}") = "Tyuiu.KhrapovDY.Sprint2.Task2.V29.Test", "Tyuiu.KhrapovDY.Sprint2.Task2.V29.Test\Tyuiu.KhrapovDY.Sprint2.Task2.V29.Test.csproj", "{9DFDF851-1EDF-4D2A-98E3-61B2770EF39C}"
EndProject
Global
	GlobalSection(SolutionConfigurationPlatforms) = preSolution
		Debug|Any CPU = Debug|Any CPU
		Release|Any CPU = Release|Any CPU
	EndGlobalSection
	GlobalSection(ProjectConfigurationPlatforms) = postSolution
		{FE0F8553-3449-46BC-A871-70E11422A1B1}.Debug|Any CPU.ActiveCfg = Debug|Any CPU
		{FE0F8553-3449-46BC-A871-70E11422A1B1}.Debug|Any CPU.Build.0 = Debug|Any CPU
		{FE0F8553-3449-46BC-A871-70E11422A1B1}.Release|Any CPU.ActiveCfg = Release|Any CPU
		{FE0F8553-3449-46BC-A871-70E11422A1B1}.Release|Any CPU.Build.0 = Release|Any CPU
		{909D6FD4-F462-4832-A019-97046169FD4E}.Debug|Any CPU.ActiveCfg = Debug|Any CPU
		{909D6FD4-F462-4832-A019-97046169FD4E}.Debug|Any CPU.Build.0 = Debug|Any CPU
		{909D6FD4-F462-4832-A019-97046169FD4E}.Release|Any CPU.ActiveCfg = Release|Any CPU
		{909D6FD4-F462-4832-A019-97046169FD4E}.Release|Any CPU.Build.0 = Release|Any CPU
		{C43F2BB4-A66F-4A91-8FCE-C976FED83203}.Debug|Any CPU.ActiveCfg = Debug|Any CPU
		{C43F2BB4-A66F-4A91-8FCE-C976FED83203}.Debug|Any CPU.Build.0 = Debug|Any CPU
		{C43F2BB4-A66F-4A91-8FCE-C976FED83203}.Release|Any CPU.ActiveCfg = Release|Any CPU
		{C43F2BB4-A66F-4A91-8FCE-C976FED83203}.Release|Any CPU.Build.0 = Release|Any CPU
		{FCD89F05-BA01-496F-8CC8-37BCF49313C9}.Debug|Any CPU.ActiveCfg = Debug|Any CPU
		{FCD89F05-BA01-496F-8CC8-37BCF49313C9}.Debug|Any CPU.Build.0 = Debug|Any CPU
		{FCD89F05-BA01-496F-8CC8-37BCF49313C9}.Release|Any CPU.ActiveCfg = Release|Any CPU
		{FCD89F05-BA01-496F-8CC8-37BCF49313C9}.Release|Any CPU.Build.0 = Release|Any CPU
		{7E59CD36-0A89-4C78-9403-EA88712CE0F7}.Debug|Any CPU.ActiveCfg = Debug|Any CPU
		{7E59CD36-0A89-4C78-9403-EA88712CE0F7}.Debug|Any CPU.Build.0 = Debug|Any CPU
		{7E59CD36-0A89-4C78-9403-EA88712CE0F7}.Release|Any CPU.ActiveCfg = Release|Any CPU
		{7E59CD36-0A89-4C78-9403-EA88712CE0F7}.Release|Any CPU.Build.0 = Release|Any CPU
		{A2D540B4-AB55-4FFD-9B20-540FAB46276C}.Debug|Any CPU.ActiveCfg = Debug|Any CPU
		{A2D540B4-AB55-4FFD-9B20-540FAB46276C}.Debug|Any CPU.Build.0 = Debug|Any CPU
		{A2D540B4-AB55-4FFD-9B20-540FAB46276C}.Release|Any CPU.ActiveCfg = Release|Any CPU
		{A2D540B4-AB55-4FFD-9B20-540FAB46276C}.Release|Any CPU.Build.0 = Release|Any CPU
		{B420FEFB-E9F8-414B-8387-F569C056C5F7}.Debug|Any CPU.ActiveCfg = Debug|Any CPU
		{B420FEFB-E9F8-414B-8387-F569C056C5F7}.Debug|Any CPU.Build.0 = Debug|Any CPU
		{B420FEFB-E9F8-414B-8387-F569C056C5F7}.Release|Any CPU.ActiveCfg = Release|Any CPU
		{B420FEFB-E9F8-414B-8387-F569C056C5F7}.Release|Any CPU.Build.0 = Release|Any CPU
		{C6D227E8-2E52-4C1A-A6CE-CD8D0453C436}.Debug|Any CPU.ActiveCfg = Debug|Any CPU
		{C6D227E8-2E52-4C1A-A6CE-CD8D0453C436}.Debug|Any CPU.Build.0 = Debug|Any CPU
		{C6D227E8-2E52-4C1A-A6CE-CD8D0453C436}.Release|Any CPU.ActiveCfg = Release|Any CPU
		{C6D227E8-2E52-4C1A-A6CE-CD8D0453C436}.Release|Any CPU.Build.0 = Release|Any CPU
		{9DFDF851-1EDF-4D2A-98E3-61B2770EF39C}.Debug|Any CPU.ActiveCfg = Debug|Any CPU
		{9DFDF851-1EDF-4D2A-98E3-61B2770EF39C}.Debug|Any CPU.Build.0 = Debug|Any CPU
		{9DFDF851-1EDF-4D2A-98E3-61B2770EF39C}.Release|Any CPU.ActiveCfg = Release|Any CPU
		{9DFDF851-1EDF-4D2A-98E3-61B2770EF39C}.Release|Any CPU.Build.0 = Release|Any CPU
	EndGlobalSection
	GlobalSection(SolutionProperties) = preSolution
		HideSolutionNode = FALSE
	EndGlobalSection
	GlobalSection(NestedProjects) = preSolution
		{FE0F8553-3449-46BC-A871-70E11422A1B1} = {37D16586-DF87-49D0-AC4B-C7A5ED341BAB}
		{909D6FD4-F462-4832-A019-97046169FD4E} = {37D16586-DF87-49D0-AC4B-C7A5ED341BAB}
		{C43F2BB4-A66F-4A91-8FCE-C976FED83203} = {37D16586-DF87-49D0-AC4B-C7A5ED341BAB}
		{FCD89F05-BA01-496F-8CC8-37BCF49313C9} = {1217B4BA-B3E4-4265-AC08-DDD559D79DA8}
		{7E59CD36-0A89-4C78-9403-EA88712CE0F7} = {1217B4BA-B3E4-4265-AC08-DDD559D79DA8}
		{A2D540B4-AB55-4FFD-9B20-540FAB46276C} = {1217B4BA-B3E4-4265-AC08-DDD559D79DA8}
		{B420FEFB-E9F8-414B-8387-F569C056C5F7} = {46F21CF9-5D09-44B3-AEBB-7F364BE42473}
		{C6D227E8-2E52-4C1A-A6CE-CD8D0453C436} = {46F21CF9-5D09-44B3-AEBB-7F364BE42473}
		{9DFDF851-1EDF-4D2A-98E3-61B2770EF39C} = {46F21CF9-5D09-44B3-AEBB-7F364BE42473}
	EndGlobalSection
	GlobalSection(ExtensibilityGlobals) = postSolution
		SolutionGuid = {B842EF4C-F6E0-48E8-933B-5CD4A3E7E7FD}
	EndGlobalSection
EndGlobal
